
Microsoft Visual Studio Solution File, Format Version 12.00
# Visual Studio Version 16
VisualStudioVersion = 16.0.29326.143
MinimumVisualStudioVersion = 10.0.40219.1
Project("{FAE04EC0-301F-11D3-BF4B-00C04F79EFBC}") = "FakturaAccepter", "FakturaAccepter\FakturaAccepter.csproj", "{202ABB17-A0C5-4C9C-9DF2-019CA8DD174A}"
EndProject
Global
	GlobalSection(SolutionConfigurationPlatforms) = preSolution
		Debug|Any CPU = Debug|Any CPU
		Release|Any CPU = Release|Any CPU
	EndGlobalSection
	GlobalSection(ProjectConfigurationPlatforms) = postSolution
		{202ABB17-A0C5-4C9C-9DF2-019CA8DD174A}.Debug|Any CPU.ActiveCfg = Debug|Any CPU
		{202ABB17-A0C5-4C9C-9DF2-019CA8DD174A}.Debug|Any CPU.Build.0 = Debug|Any CPU
		{202ABB17-A0C5-4C9C-9DF2-019CA8DD174A}.Release|Any CPU.ActiveCfg = Release|Any CPU
		{202ABB17-A0C5-4C9C-9DF2-019CA8DD174A}.Release|Any CPU.Build.0 = Release|Any CPU
	EndGlobalSection
	GlobalSection(SolutionProperties) = preSolution
		HideSolutionNode = FALSE
	EndGlobalSection
	GlobalSection(ExtensibilityGlobals) = postSolution
		SolutionGuid = {569ED306-688A-42BD-8C5D-FBF75759E1D1}
	EndGlobalSection
EndGlobal
